
Microsoft Visual Studio Solution File, Format Version 12.00
# Visual Studio Version 16
VisualStudioVersion = 16.0.29509.3
MinimumVisualStudioVersion = 10.0.40219.1
Project("{9A19103F-16F7-4668-BE54-9A1E7A4F7556}") = "OdeToFood", "OdeToFood.csproj", "{8030F693-942D-4DE8-B1F6-46B04EFB844D}"
EndProject
Project("{9A19103F-16F7-4668-BE54-9A1E7A4F7556}") = "OdeToFood.Data", "..\OdeToFood.Data\OdeToFood.Data.csproj", "{06E4DF86-3E2D-4BC6-9C01-67742F7C8F9B}"
EndProject
Project("{9A19103F-16F7-4668-BE54-9A1E7A4F7556}") = "OdeToFood.Core", "..\OdeToFood.Core\OdeToFood.Core.csproj", "{A3A21EC3-FF97-475C-819F-2B964668809F}"
EndProject
Global
	GlobalSection(SolutionConfigurationPlatforms) = preSolution
		Debug|Any CPU = Debug|Any CPU
		Release|Any CPU = Release|Any CPU
	EndGlobalSection
	GlobalSection(ProjectConfigurationPlatforms) = postSolution
		{8030F693-942D-4DE8-B1F6-46B04EFB844D}.Debug|Any CPU.ActiveCfg = Debug|Any CPU
		{8030F693-942D-4DE8-B1F6-46B04EFB844D}.Debug|Any CPU.Build.0 = Debug|Any CPU
		{8030F693-942D-4DE8-B1F6-46B04EFB844D}.Release|Any CPU.ActiveCfg = Release|Any CPU
		{8030F693-942D-4DE8-B1F6-46B04EFB844D}.Release|Any CPU.Build.0 = Release|Any CPU
		{06E4DF86-3E2D-4BC6-9C01-67742F7C8F9B}.Debug|Any CPU.ActiveCfg = Debug|Any CPU
		{06E4DF86-3E2D-4BC6-9C01-67742F7C8F9B}.Debug|Any CPU.Build.0 = Debug|Any CPU
		{06E4DF86-3E2D-4BC6-9C01-67742F7C8F9B}.Release|Any CPU.ActiveCfg = Release|Any CPU
		{06E4DF86-3E2D-4BC6-9C01-67742F7C8F9B}.Release|Any CPU.Build.0 = Release|Any CPU
		{A3A21EC3-FF97-475C-819F-2B964668809F}.Debug|Any CPU.ActiveCfg = Debug|Any CPU
		{A3A21EC3-FF97-475C-819F-2B964668809F}.Debug|Any CPU.Build.0 = Debug|Any CPU
		{A3A21EC3-FF97-475C-819F-2B964668809F}.Release|Any CPU.ActiveCfg = Release|Any CPU
		{A3A21EC3-FF97-475C-819F-2B964668809F}.Release|Any CPU.Build.0 = Release|Any CPU
	EndGlobalSection
	GlobalSection(SolutionProperties) = preSolution
		HideSolutionNode = FALSE
	EndGlobalSection
	GlobalSection(ExtensibilityGlobals) = postSolution
		SolutionGuid = {095C3BEE-7A3C-46DD-BBCF-B31CC41FDB2C}
	EndGlobalSection
EndGlobal
